
Microsoft Visual Studio Solution File, Format Version 12.00
# Visual Studio Version 16
VisualStudioVersion = 16.0.31624.102
MinimumVisualStudioVersion = 10.0.40219.1
Project("{8BC9CEB8-8B4A-11D0-8D11-00A0C91BC942}") = "test_9_18", "test_9_18\test_9_18.vcxproj", "{73ACE85F-4077-482B-8FA3-127B6D1E3D0B}"
EndProject
Global
	GlobalSection(SolutionConfigurationPlatforms) = preSolution
		Debug|x64 = Debug|x64
		Debug|x86 = Debug|x86
		Release|x64 = Release|x64
		Release|x86 = Release|x86
	EndGlobalSection
	GlobalSection(ProjectConfigurationPlatforms) = postSolution
		{73ACE85F-4077-482B-8FA3-127B6D1E3D0B}.Debug|x64.ActiveCfg = Debug|x64
		{73ACE85F-4077-482B-8FA3-127B6D1E3D0B}.Debug|x64.Build.0 = Debug|x64
		{73ACE85F-4077-482B-8FA3-127B6D1E3D0B}.Debug|x86.ActiveCfg = Debug|Win32
		{73ACE85F-4077-482B-8FA3-127B6D1E3D0B}.Debug|x86.Build.0 = Debug|Win32
		{73ACE85F-4077-482B-8FA3-127B6D1E3D0B}.Release|x64.ActiveCfg = Release|x64
		{73ACE85F-4077-482B-8FA3-127B6D1E3D0B}.Release|x64.Build.0 = Release|x64
		{73ACE85F-4077-482B-8FA3-127B6D1E3D0B}.Release|x86.ActiveCfg = Release|Win32
		{73ACE85F-4077-482B-8FA3-127B6D1E3D0B}.Release|x86.Build.0 = Release|Win32
	EndGlobalSection
	GlobalSection(SolutionProperties) = preSolution
		HideSolutionNode = FALSE
	EndGlobalSection
	GlobalSection(ExtensibilityGlobals) = postSolution
		SolutionGuid = {07EA0F06-A04F-475B-949A-BA188F73E187}
	EndGlobalSection
EndGlobal
